
Microsoft Visual Studio Solution File, Format Version 12.00
# Visual Studio Version 16
VisualStudioVersion = 16.0.29709.97
MinimumVisualStudioVersion = 10.0.40219.1
Project("{FAE04EC0-301F-11D3-BF4B-00C04F79EFBC}") = "exerciseWeek2", "exerciseWeek2\exerciseWeek2.csproj", "{0E3CF1F3-0D35-4A84-AFCF-DBD2599D1E93}"
EndProject
Global
	GlobalSection(SolutionConfigurationPlatforms) = preSolution
		Debug|Any CPU = Debug|Any CPU
		Release|Any CPU = Release|Any CPU
	EndGlobalSection
	GlobalSection(ProjectConfigurationPlatforms) = postSolution
		{0E3CF1F3-0D35-4A84-AFCF-DBD2599D1E93}.Debug|Any CPU.ActiveCfg = Debug|Any CPU
		{0E3CF1F3-0D35-4A84-AFCF-DBD2599D1E93}.Debug|Any CPU.Build.0 = Debug|Any CPU
		{0E3CF1F3-0D35-4A84-AFCF-DBD2599D1E93}.Release|Any CPU.ActiveCfg = Release|Any CPU
		{0E3CF1F3-0D35-4A84-AFCF-DBD2599D1E93}.Release|Any CPU.Build.0 = Release|Any CPU
	EndGlobalSection
	GlobalSection(SolutionProperties) = preSolution
		HideSolutionNode = FALSE
	EndGlobalSection
	GlobalSection(ExtensibilityGlobals) = postSolution
		SolutionGuid = {FD512EBB-7055-4CA7-9FE7-F9F07C6407DF}
	EndGlobalSection
EndGlobal
