
Microsoft Visual Studio Solution File, Format Version 12.00
# Visual Studio Version 16
VisualStudioVersion = 16.0.29709.97
MinimumVisualStudioVersion = 10.0.40219.1
Project("{FAE04EC0-301F-11D3-BF4B-00C04F79EFBC}") = "num6", "num6\num6.csproj", "{7F664A57-9F20-40A0-B66F-D09CA3D85D33}"
EndProject
Global
	GlobalSection(SolutionConfigurationPlatforms) = preSolution
		Debug|Any CPU = Debug|Any CPU
		Release|Any CPU = Release|Any CPU
	EndGlobalSection
	GlobalSection(ProjectConfigurationPlatforms) = postSolution
		{7F664A57-9F20-40A0-B66F-D09CA3D85D33}.Debug|Any CPU.ActiveCfg = Debug|Any CPU
		{7F664A57-9F20-40A0-B66F-D09CA3D85D33}.Debug|Any CPU.Build.0 = Debug|Any CPU
		{7F664A57-9F20-40A0-B66F-D09CA3D85D33}.Release|Any CPU.ActiveCfg = Release|Any CPU
		{7F664A57-9F20-40A0-B66F-D09CA3D85D33}.Release|Any CPU.Build.0 = Release|Any CPU
	EndGlobalSection
	GlobalSection(SolutionProperties) = preSolution
		HideSolutionNode = FALSE
	EndGlobalSection
	GlobalSection(ExtensibilityGlobals) = postSolution
		SolutionGuid = {50927511-0DA1-4EFE-AA90-0F84D36EBA82}
	EndGlobalSection
EndGlobal
