
Microsoft Visual Studio Solution File, Format Version 12.00
# Visual Studio Version 16
VisualStudioVersion = 16.0.29709.97
MinimumVisualStudioVersion = 10.0.40219.1
Project("{FAE04EC0-301F-11D3-BF4B-00C04F79EFBC}") = "num2", "num2\num2.csproj", "{34225ADA-4B3A-4687-B5EC-7C0F08F18094}"
EndProject
Global
	GlobalSection(SolutionConfigurationPlatforms) = preSolution
		Debug|Any CPU = Debug|Any CPU
		Release|Any CPU = Release|Any CPU
	EndGlobalSection
	GlobalSection(ProjectConfigurationPlatforms) = postSolution
		{34225ADA-4B3A-4687-B5EC-7C0F08F18094}.Debug|Any CPU.ActiveCfg = Debug|Any CPU
		{34225ADA-4B3A-4687-B5EC-7C0F08F18094}.Debug|Any CPU.Build.0 = Debug|Any CPU
		{34225ADA-4B3A-4687-B5EC-7C0F08F18094}.Release|Any CPU.ActiveCfg = Release|Any CPU
		{34225ADA-4B3A-4687-B5EC-7C0F08F18094}.Release|Any CPU.Build.0 = Release|Any CPU
	EndGlobalSection
	GlobalSection(SolutionProperties) = preSolution
		HideSolutionNode = FALSE
	EndGlobalSection
	GlobalSection(ExtensibilityGlobals) = postSolution
		SolutionGuid = {8965AEF4-2A8C-4F95-A2D3-2B3AAA8602B8}
	EndGlobalSection
EndGlobal
